{
  "name": "menu-wallet",
  "version": "0.0.1",
  "lockfileVersion": 1,
  "requires": true,
  "dependencies": {
    "updater": {
      "version": "git+https://github.com/PrivateSky/updater.git#3012cc085277da7ea76dd8fe2939936497898f89",
      "from": "git+https://github.com/PrivateSky/updater.git"
    }
  }
}
